
Microsoft Visual Studio Solution File, Format Version 12.00
# Visual Studio Version 16
VisualStudioVersion = 16.0.30104.148
MinimumVisualStudioVersion = 10.0.40219.1
Project("{FAE04EC0-301F-11D3-BF4B-00C04F79EFBC}") = "BookManage", "BookManage.csproj", "{AD71E5E1-5117-471B-A863-C7D4482C1B77}"
EndProject
Project("{FAE04EC0-301F-11D3-BF4B-00C04F79EFBC}") = "Entity", "..\Entity\Entity.csproj", "{1AF68F5A-AFAA-402D-9CD9-8AF7269364C1}"
EndProject
Project("{FAE04EC0-301F-11D3-BF4B-00C04F79EFBC}") = "DAL", "..\DAL\DAL.csproj", "{B444D8F9-FB3C-4E09-819B-21A54DE329CC}"
EndProject
Project("{FAE04EC0-301F-11D3-BF4B-00C04F79EFBC}") = "BLL", "..\BLL\BLL.csproj", "{F765AD6C-56A6-4DC6-94BD-C53D0096145F}"
EndProject
Project("{9A19103F-16F7-4668-BE54-9A1E7A4F7556}") = "JW.Base", "..\..\JWBestPlatform\03.开发\01.基础平台\JW.Base\JW.Base.csproj", "{F60648A1-4D8F-4730-BAE6-496922F409F2}"
EndProject
Global
	GlobalSection(SolutionConfigurationPlatforms) = preSolution
		Debug|Any CPU = Debug|Any CPU
		Release|Any CPU = Release|Any CPU
	EndGlobalSection
	GlobalSection(ProjectConfigurationPlatforms) = postSolution
		{AD71E5E1-5117-471B-A863-C7D4482C1B77}.Debug|Any CPU.ActiveCfg = Debug|Any CPU
		{AD71E5E1-5117-471B-A863-C7D4482C1B77}.Debug|Any CPU.Build.0 = Debug|Any CPU
		{AD71E5E1-5117-471B-A863-C7D4482C1B77}.Release|Any CPU.ActiveCfg = Release|Any CPU
		{AD71E5E1-5117-471B-A863-C7D4482C1B77}.Release|Any CPU.Build.0 = Release|Any CPU
		{1AF68F5A-AFAA-402D-9CD9-8AF7269364C1}.Debug|Any CPU.ActiveCfg = Debug|Any CPU
		{1AF68F5A-AFAA-402D-9CD9-8AF7269364C1}.Debug|Any CPU.Build.0 = Debug|Any CPU
		{1AF68F5A-AFAA-402D-9CD9-8AF7269364C1}.Release|Any CPU.ActiveCfg = Release|Any CPU
		{1AF68F5A-AFAA-402D-9CD9-8AF7269364C1}.Release|Any CPU.Build.0 = Release|Any CPU
		{B444D8F9-FB3C-4E09-819B-21A54DE329CC}.Debug|Any CPU.ActiveCfg = Debug|Any CPU
		{B444D8F9-FB3C-4E09-819B-21A54DE329CC}.Debug|Any CPU.Build.0 = Debug|Any CPU
		{B444D8F9-FB3C-4E09-819B-21A54DE329CC}.Release|Any CPU.ActiveCfg = Release|Any CPU
		{B444D8F9-FB3C-4E09-819B-21A54DE329CC}.Release|Any CPU.Build.0 = Release|Any CPU
		{F765AD6C-56A6-4DC6-94BD-C53D0096145F}.Debug|Any CPU.ActiveCfg = Debug|Any CPU
		{F765AD6C-56A6-4DC6-94BD-C53D0096145F}.Debug|Any CPU.Build.0 = Debug|Any CPU
		{F765AD6C-56A6-4DC6-94BD-C53D0096145F}.Release|Any CPU.ActiveCfg = Release|Any CPU
		{F765AD6C-56A6-4DC6-94BD-C53D0096145F}.Release|Any CPU.Build.0 = Release|Any CPU
		{F60648A1-4D8F-4730-BAE6-496922F409F2}.Debug|Any CPU.ActiveCfg = Debug|Any CPU
		{F60648A1-4D8F-4730-BAE6-496922F409F2}.Debug|Any CPU.Build.0 = Debug|Any CPU
		{F60648A1-4D8F-4730-BAE6-496922F409F2}.Release|Any CPU.ActiveCfg = Release|Any CPU
		{F60648A1-4D8F-4730-BAE6-496922F409F2}.Release|Any CPU.Build.0 = Release|Any CPU
	EndGlobalSection
	GlobalSection(SolutionProperties) = preSolution
		HideSolutionNode = FALSE
	EndGlobalSection
	GlobalSection(ExtensibilityGlobals) = postSolution
		SolutionGuid = {BBBBA638-6D2E-4110-BCB2-4D855FC6886A}
	EndGlobalSection
EndGlobal
